
Microsoft Visual Studio Solution File, Format Version 12.00
# Visual Studio Version 17
VisualStudioVersion = 17.13.35931.197 d17.13
MinimumVisualStudioVersion = 10.0.40219.1
Project("{FAE04EC0-301F-11D3-BF4B-00C04F79EFBC}") = "GeometryShape", "ClassLibrary1\GeometryShape.csproj", "{13468F7D-0239-47FE-B6E4-C3E404F8ECA4}"
EndProject
Project("{FAE04EC0-301F-11D3-BF4B-00C04F79EFBC}") = "TestsCI", "TestsCI\TestsCI.csproj", "{9A620546-8E1F-4A56-9A6C-E2B560CFC415}"
EndProject
Global
	GlobalSection(SolutionConfigurationPlatforms) = preSolution
		Debug|Any CPU = Debug|Any CPU
		Release|Any CPU = Release|Any CPU
	EndGlobalSection
	GlobalSection(ProjectConfigurationPlatforms) = postSolution
		{13468F7D-0239-47FE-B6E4-C3E404F8ECA4}.Debug|Any CPU.ActiveCfg = Debug|Any CPU
		{13468F7D-0239-47FE-B6E4-C3E404F8ECA4}.Debug|Any CPU.Build.0 = Debug|Any CPU
		{13468F7D-0239-47FE-B6E4-C3E404F8ECA4}.Release|Any CPU.ActiveCfg = Release|Any CPU
		{13468F7D-0239-47FE-B6E4-C3E404F8ECA4}.Release|Any CPU.Build.0 = Release|Any CPU
		{9A620546-8E1F-4A56-9A6C-E2B560CFC415}.Debug|Any CPU.ActiveCfg = Debug|Any CPU
		{9A620546-8E1F-4A56-9A6C-E2B560CFC415}.Debug|Any CPU.Build.0 = Debug|Any CPU
		{9A620546-8E1F-4A56-9A6C-E2B560CFC415}.Release|Any CPU.ActiveCfg = Release|Any CPU
		{9A620546-8E1F-4A56-9A6C-E2B560CFC415}.Release|Any CPU.Build.0 = Release|Any CPU
	EndGlobalSection
	GlobalSection(SolutionProperties) = preSolution
		HideSolutionNode = FALSE
	EndGlobalSection
	GlobalSection(ExtensibilityGlobals) = postSolution
		SolutionGuid = {CABF9E4A-826A-458C-BA3D-DE275CA57368}
	EndGlobalSection
EndGlobal
